// !$*UTF8*$!
{
	archiveVersion = 1;
	classes = {
	};
	objectVersion = 77;
	objects = {

/* Begin PBXBuildFile section */
		5DECFD7B2F21F32100D69A9B /* AppEnvironment.swift in Sources */ = {isa = PBXBuildFile; fileRef = 5DECFD582F21F32100D69A9B /* AppEnvironment.swift */; };
		5DECFD7C2F21F32100D69A9B /* MingdalartApp.swift in Sources */ = {isa = PBXBuildFile; fileRef = 5DECFD592F21F32100D69A9B /* MingdalartApp.swift */; };
		5DECFD7D2F21F32100D69A9B /* MandalaBoardEntity.swift in Sources */ = {isa = PBXBuildFile; fileRef = 5DECFD5B2F21F32100D69A9B /* MandalaBoardEntity.swift */; };
		5DECFD7E2F21F32100D69A9B /* MandalaCellEntity.swift in Sources */ = {isa = PBXBuildFile; fileRef = 5DECFD5C2F21F32100D69A9B /* MandalaCellEntity.swift */; };
		5DECFD7F2F21F32100D69A9B /* SwiftDataMandalaRepository.swift in Sources */ = {isa = PBXBuildFile; fileRef = 5DECFD5E2F21F32100D69A9B /* SwiftDataMandalaRepository.swift */; };
		5DECFD802F21F32100D69A9B /* MandalaBoard.swift in Sources */ = {isa = PBXBuildFile; fileRef = 5DECFD612F21F32100D69A9B /* MandalaBoard.swift */; };
		5DECFD812F21F32100D69A9B /* MandalaCell.swift in Sources */ = {isa = PBXBuildFile; fileRef = 5DECFD622F21F32100D69A9B /* MandalaCell.swift */; };
		5DECFD822F21F32100D69A9B /* MandalaRole.swift in Sources */ = {isa = PBXBuildFile; fileRef = 5DECFD632F21F32100D69A9B /* MandalaRole.swift */; };
		5DECFD832F21F32100D69A9B /* MandalaRule.swift in Sources */ = {isa = PBXBuildFile; fileRef = 5DECFD642F21F32100D69A9B /* MandalaRule.swift */; };
		5DECFD842F21F32100D69A9B /* MandalaRepository.swift in Sources */ = {isa = PBXBuildFile; fileRef = 5DECFD662F21F32100D69A9B /* MandalaRepository.swift */; };
		5DECFD852F21F32100D69A9B /* MandalaUseCase.swift in Sources */ = {isa = PBXBuildFile; fileRef = 5DECFD682F21F32100D69A9B /* MandalaUseCase.swift */; };
		5DECFD862F21F32100D69A9B /* MainView.swift in Sources */ = {isa = PBXBuildFile; fileRef = 5DECFD6B2F21F32100D69A9B /* MainView.swift */; };
		5DECFD872F21F32100D69A9B /* MandalaEditorSheet.swift in Sources */ = {isa = PBXBuildFile; fileRef = 5DECFD6E2F21F32100D69A9B /* MandalaEditorSheet.swift */; };
		5DECFD882F21F32100D69A9B /* MandalaGridComponents.swift in Sources */ = {isa = PBXBuildFile; fileRef = 5DECFD6F2F21F32100D69A9B /* MandalaGridComponents.swift */; };
		5DECFD892F21F32100D69A9B /* MandalaGridView.swift in Sources */ = {isa = PBXBuildFile; fileRef = 5DECFD712F21F32100D69A9B /* MandalaGridView.swift */; };
		5DECFD8A2F21F32100D69A9B /* MandalaViewModel.swift in Sources */ = {isa = PBXBuildFile; fileRef = 5DECFD732F21F32100D69A9B /* MandalaViewModel.swift */; };
		5DECFD8B2F21F32100D69A9B /* MandalaRole+Style.swift in Sources */ = {isa = PBXBuildFile; fileRef = 5DECFD772F21F32100D69A9B /* MandalaRole+Style.swift */; };
		5DECFD8C2F21F32100D69A9B /* Assets.xcassets in Resources */ = {isa = PBXBuildFile; fileRef = 5DECFD562F21F32100D69A9B /* Assets.xcassets */; };
		5DECFD8E2F21F3CE00D69A9B /* EnsureDefaultBoardUseCase.swift in Sources */ = {isa = PBXBuildFile; fileRef = 5DECFD8D2F21F3CE00D69A9B /* EnsureDefaultBoardUseCase.swift */; };
		5DECFD902F21F78500D69A9B /* UpdateCellTextUseCase.swift in Sources */ = {isa = PBXBuildFile; fileRef = 5DECFD8F2F21F78500D69A9B /* UpdateCellTextUseCase.swift */; };
		5DECFD962F21F9F100D69A9B /* SaveCellUseCase.swift in Sources */ = {isa = PBXBuildFile; fileRef = 5DECFD952F21F9F100D69A9B /* SaveCellUseCase.swift */; };
/* End PBXBuildFile section */

/* Begin PBXContainerItemProxy section */
		5D920D582F233A8200874F96 /* PBXContainerItemProxy */ = {
			isa = PBXContainerItemProxy;
			containerPortal = 5DF74BE72F0E3F4E005E589C /* Project object */;
			proxyType = 1;
			remoteGlobalIDString = 5DF74BEE2F0E3F4E005E589C;
			remoteInfo = Mingdalart;
		};
/* End PBXContainerItemProxy section */

/* Begin PBXFileReference section */
		5D920D542F233A8200874F96 /* MingdalartTests.xctest */ = {isa = PBXFileReference; explicitFileType = wrapper.cfbundle; includeInIndex = 0; path = MingdalartTests.xctest; sourceTree = BUILT_PRODUCTS_DIR; };
		5DECFD562F21F32100D69A9B /* Assets.xcassets */ = {isa = PBXFileReference; lastKnownFileType = folder.assetcatalog; path = Assets.xcassets; sourceTree = "<group>"; };
		5DECFD582F21F32100D69A9B /* AppEnvironment.swift */ = {isa = PBXFileReference; lastKnownFileType = sourcecode.swift; path = AppEnvironment.swift; sourceTree = "<group>"; };
		5DECFD592F21F32100D69A9B /* MingdalartApp.swift */ = {isa = PBXFileReference; lastKnownFileType = sourcecode.swift; path = MingdalartApp.swift; sourceTree = "<group>"; };
		5DECFD5B2F21F32100D69A9B /* MandalaBoardEntity.swift */ = {isa = PBXFileReference; lastKnownFileType = sourcecode.swift; path = MandalaBoardEntity.swift; sourceTree = "<group>"; };
		5DECFD5C2F21F32100D69A9B /* MandalaCellEntity.swift */ = {isa = PBXFileReference; lastKnownFileType = sourcecode.swift; path = MandalaCellEntity.swift; sourceTree = "<group>"; };
		5DECFD5E2F21F32100D69A9B /* SwiftDataMandalaRepository.swift */ = {isa = PBXFileReference; lastKnownFileType = sourcecode.swift; path = SwiftDataMandalaRepository.swift; sourceTree = "<group>"; };
		5DECFD612F21F32100D69A9B /* MandalaBoard.swift */ = {isa = PBXFileReference; lastKnownFileType = sourcecode.swift; path = MandalaBoard.swift; sourceTree = "<group>"; };
		5DECFD622F21F32100D69A9B /* MandalaCell.swift */ = {isa = PBXFileReference; lastKnownFileType = sourcecode.swift; path = MandalaCell.swift; sourceTree = "<group>"; };
		5DECFD632F21F32100D69A9B /* MandalaRole.swift */ = {isa = PBXFileReference; lastKnownFileType = sourcecode.swift; path = MandalaRole.swift; sourceTree = "<group>"; };
		5DECFD642F21F32100D69A9B /* MandalaRule.swift */ = {isa = PBXFileReference; lastKnownFileType = sourcecode.swift; path = MandalaRule.swift; sourceTree = "<group>"; };
		5DECFD662F21F32100D69A9B /* MandalaRepository.swift */ = {isa = PBXFileReference; lastKnownFileType = sourcecode.swift; path = MandalaRepository.swift; sourceTree = "<group>"; };
		5DECFD682F21F32100D69A9B /* MandalaUseCase.swift */ = {isa = PBXFileReference; lastKnownFileType = sourcecode.swift; path = MandalaUseCase.swift; sourceTree = "<group>"; };
		5DECFD6B2F21F32100D69A9B /* MainView.swift */ = {isa = PBXFileReference; lastKnownFileType = sourcecode.swift; path = MainView.swift; sourceTree = "<group>"; };
		5DECFD6E2F21F32100D69A9B /* MandalaEditorSheet.swift */ = {isa = PBXFileReference; lastKnownFileType = sourcecode.swift; path = MandalaEditorSheet.swift; sourceTree = "<group>"; };
		5DECFD6F2F21F32100D69A9B /* MandalaGridComponents.swift */ = {isa = PBXFileReference; lastKnownFileType = sourcecode.swift; path = MandalaGridComponents.swift; sourceTree = "<group>"; };
		5DECFD712F21F32100D69A9B /* MandalaGridView.swift */ = {isa = PBXFileReference; lastKnownFileType = sourcecode.swift; path = MandalaGridView.swift; sourceTree = "<group>"; };
		5DECFD732F21F32100D69A9B /* MandalaViewModel.swift */ = {isa = PBXFileReference; lastKnownFileType = sourcecode.swift; path = MandalaViewModel.swift; sourceTree = "<group>"; };
		5DECFD772F21F32100D69A9B /* MandalaRole+Style.swift */ = {isa = PBXFileReference; lastKnownFileType = sourcecode.swift; path = "MandalaRole+Style.swift"; sourceTree = "<group>"; };
		5DECFD8D2F21F3CE00D69A9B /* EnsureDefaultBoardUseCase.swift */ = {isa = PBXFileReference; lastKnownFileType = sourcecode.swift; path = EnsureDefaultBoardUseCase.swift; sourceTree = "<group>"; };
		5DECFD8F2F21F78500D69A9B /* UpdateCellTextUseCase.swift */ = {isa = PBXFileReference; lastKnownFileType = sourcecode.swift; path = UpdateCellTextUseCase.swift; sourceTree = "<group>"; };
		5DECFD952F21F9F100D69A9B /* SaveCellUseCase.swift */ = {isa = PBXFileReference; lastKnownFileType = sourcecode.swift; path = SaveCellUseCase.swift; sourceTree = "<group>"; };
		5DF74BEF2F0E3F4E005E589C /* Mingdalart.app */ = {isa = PBXFileReference; explicitFileType = wrapper.application; includeInIndex = 0; path = Mingdalart.app; sourceTree = BUILT_PRODUCTS_DIR; };
/* End PBXFileReference section */

/* Begin PBXFileSystemSynchronizedRootGroup section */
		5D920D552F233A8200874F96 /* MingdalartTests */ = {
			isa = PBXFileSystemSynchronizedRootGroup;
			path = MingdalartTests;
			sourceTree = "<group>";
		};
/* End PBXFileSystemSynchronizedRootGroup section */

/* Begin PBXFrameworksBuildPhase section */
		5D920D512F233A8200874F96 /* Frameworks */ = {
			isa = PBXFrameworksBuildPhase;
			buildActionMask = 2147483647;
			files = (
			);
			runOnlyForDeploymentPostprocessing = 0;
		};
		5DF74BEC2F0E3F4E005E589C /* Frameworks */ = {
			isa = PBXFrameworksBuildPhase;
			buildActionMask = 2147483647;
			files = (
			);
			runOnlyForDeploymentPostprocessing = 0;
		};
/* End PBXFrameworksBuildPhase section */

/* Begin PBXGroup section */
		5DECFD572F21F32100D69A9B /* Resources */ = {
			isa = PBXGroup;
			children = (
				5DECFD562F21F32100D69A9B /* Assets.xcassets */,
			);
			path = Resources;
			sourceTree = "<group>";
		};
		5DECFD5A2F21F32100D69A9B /* App */ = {
			isa = PBXGroup;
			children = (
				5DECFD572F21F32100D69A9B /* Resources */,
				5DECFD592F21F32100D69A9B /* MingdalartApp.swift */,
				5DECFD582F21F32100D69A9B /* AppEnvironment.swift */,
			);
			path = App;
			sourceTree = "<group>";
		};
		5DECFD5D2F21F32100D69A9B /* Entity */ = {
			isa = PBXGroup;
			children = (
				5DECFD5B2F21F32100D69A9B /* MandalaBoardEntity.swift */,
				5DECFD5C2F21F32100D69A9B /* MandalaCellEntity.swift */,
			);
			path = Entity;
			sourceTree = "<group>";
		};
		5DECFD5F2F21F32100D69A9B /* Repository */ = {
			isa = PBXGroup;
			children = (
				5DECFD5E2F21F32100D69A9B /* SwiftDataMandalaRepository.swift */,
			);
			path = Repository;
			sourceTree = "<group>";
		};
		5DECFD602F21F32100D69A9B /* Data */ = {
			isa = PBXGroup;
			children = (
				5DECFD5D2F21F32100D69A9B /* Entity */,
				5DECFD5F2F21F32100D69A9B /* Repository */,
			);
			path = Data;
			sourceTree = "<group>";
		};
		5DECFD652F21F32100D69A9B /* Models */ = {
			isa = PBXGroup;
			children = (
				5DECFD632F21F32100D69A9B /* MandalaRole.swift */,
				5DECFD642F21F32100D69A9B /* MandalaRule.swift */,
				5DECFD612F21F32100D69A9B /* MandalaBoard.swift */,
				5DECFD622F21F32100D69A9B /* MandalaCell.swift */,
			);
			path = Models;
			sourceTree = "<group>";
		};
		5DECFD672F21F32100D69A9B /* Repository */ = {
			isa = PBXGroup;
			children = (
				5DECFD662F21F32100D69A9B /* MandalaRepository.swift */,
			);
			path = Repository;
			sourceTree = "<group>";
		};
		5DECFD692F21F32100D69A9B /* UseCases */ = {
			isa = PBXGroup;
			children = (
				5DECFD682F21F32100D69A9B /* MandalaUseCase.swift */,
				5DECFD8D2F21F3CE00D69A9B /* EnsureDefaultBoardUseCase.swift */,
				5DECFD8F2F21F78500D69A9B /* UpdateCellTextUseCase.swift */,
				5DECFD952F21F9F100D69A9B /* SaveCellUseCase.swift */,
			);
			path = UseCases;
			sourceTree = "<group>";
		};
		5DECFD6A2F21F32100D69A9B /* Domain */ = {
			isa = PBXGroup;
			children = (
				5DECFD652F21F32100D69A9B /* Models */,
				5DECFD672F21F32100D69A9B /* Repository */,
				5DECFD692F21F32100D69A9B /* UseCases */,
			);
			path = Domain;
			sourceTree = "<group>";
		};
		5DECFD6C2F21F32100D69A9B /* View */ = {
			isa = PBXGroup;
			children = (
				5DECFD6B2F21F32100D69A9B /* MainView.swift */,
			);
			path = View;
			sourceTree = "<group>";
		};
		5DECFD6D2F21F32100D69A9B /* Main */ = {
			isa = PBXGroup;
			children = (
				5DECFD6C2F21F32100D69A9B /* View */,
			);
			path = Main;
			sourceTree = "<group>";
		};
		5DECFD702F21F32100D69A9B /* Component */ = {
			isa = PBXGroup;
			children = (
				5DECFD6E2F21F32100D69A9B /* MandalaEditorSheet.swift */,
				5DECFD6F2F21F32100D69A9B /* MandalaGridComponents.swift */,
			);
			path = Component;
			sourceTree = "<group>";
		};
		5DECFD722F21F32100D69A9B /* View */ = {
			isa = PBXGroup;
			children = (
				5DECFD712F21F32100D69A9B /* MandalaGridView.swift */,
				5DECFD702F21F32100D69A9B /* Component */,
			);
			path = View;
			sourceTree = "<group>";
		};
		5DECFD742F21F32100D69A9B /* ViewModel */ = {
			isa = PBXGroup;
			children = (
				5DECFD732F21F32100D69A9B /* MandalaViewModel.swift */,
			);
			path = ViewModel;
			sourceTree = "<group>";
		};
		5DECFD752F21F32100D69A9B /* Mandala */ = {
			isa = PBXGroup;
			children = (
				5DECFD722F21F32100D69A9B /* View */,
				5DECFD742F21F32100D69A9B /* ViewModel */,
			);
			path = Mandala;
			sourceTree = "<group>";
		};
		5DECFD762F21F32100D69A9B /* Feature */ = {
			isa = PBXGroup;
			children = (
				5DECFD6D2F21F32100D69A9B /* Main */,
				5DECFD752F21F32100D69A9B /* Mandala */,
			);
			path = Feature;
			sourceTree = "<group>";
		};
		5DECFD782F21F32100D69A9B /* Style */ = {
			isa = PBXGroup;
			children = (
				5DECFD772F21F32100D69A9B /* MandalaRole+Style.swift */,
			);
			path = Style;
			sourceTree = "<group>";
		};
		5DECFD792F21F32100D69A9B /* Presentation */ = {
			isa = PBXGroup;
			children = (
				5DECFD762F21F32100D69A9B /* Feature */,
				5DECFD782F21F32100D69A9B /* Style */,
			);
			path = Presentation;
			sourceTree = "<group>";
		};
		5DECFD7A2F21F32100D69A9B /* Mingdalart */ = {
			isa = PBXGroup;
			children = (
				5DECFD5A2F21F32100D69A9B /* App */,
				5DECFD602F21F32100D69A9B /* Data */,
				5DECFD6A2F21F32100D69A9B /* Domain */,
				5DECFD792F21F32100D69A9B /* Presentation */,
			);
			path = Mingdalart;
			sourceTree = "<group>";
		};
		5DF74BE62F0E3F4E005E589C = {
			isa = PBXGroup;
			children = (
				5DECFD7A2F21F32100D69A9B /* Mingdalart */,
				5D920D552F233A8200874F96 /* MingdalartTests */,
				5DF74BF02F0E3F4E005E589C /* Products */,
			);
			sourceTree = "<group>";
		};
		5DF74BF02F0E3F4E005E589C /* Products */ = {
			isa = PBXGroup;
			children = (
				5DF74BEF2F0E3F4E005E589C /* Mingdalart.app */,
				5D920D542F233A8200874F96 /* MingdalartTests.xctest */,
			);
			name = Products;
			sourceTree = "<group>";
		};
/* End PBXGroup section */

/* Begin PBXNativeTarget section */
		5D920D532F233A8200874F96 /* MingdalartTests */ = {
			isa = PBXNativeTarget;
			buildConfigurationList = 5D920D5C2F233A8200874F96 /* Build configuration list for PBXNativeTarget "MingdalartTests" */;
			buildPhases = (
				5D920D502F233A8200874F96 /* Sources */,
				5D920D512F233A8200874F96 /* Frameworks */,
				5D920D522F233A8200874F96 /* Resources */,
			);
			buildRules = (
			);
			dependencies = (
				5D920D592F233A8200874F96 /* PBXTargetDependency */,
			);
			fileSystemSynchronizedGroups = (
				5D920D552F233A8200874F96 /* MingdalartTests */,
			);
			name = MingdalartTests;
			packageProductDependencies = (
			);
			productName = MingdalartTests;
			productReference = 5D920D542F233A8200874F96 /* MingdalartTests.xctest */;
			productType = "com.apple.product-type.bundle.unit-test";
		};
		5DF74BEE2F0E3F4E005E589C /* Mingdalart */ = {
			isa = PBXNativeTarget;
			buildConfigurationList = 5DF74BFA2F0E3F50005E589C /* Build configuration list for PBXNativeTarget "Mingdalart" */;
			buildPhases = (
				5DF74BEB2F0E3F4E005E589C /* Sources */,
				5DF74BEC2F0E3F4E005E589C /* Frameworks */,
				5DF74BED2F0E3F4E005E589C /* Resources */,
			);
			buildRules = (
			);
			dependencies = (
			);
			name = Mingdalart;
			packageProductDependencies = (
			);
			productName = Mingdalart;
			productReference = 5DF74BEF2F0E3F4E005E589C /* Mingdalart.app */;
			productType = "com.apple.product-type.application";
		};
/* End PBXNativeTarget section */

/* Begin PBXProject section */
		5DF74BE72F0E3F4E005E589C /* Project object */ = {
			isa = PBXProject;
			attributes = {
				BuildIndependentTargetsInParallel = 1;
				LastSwiftUpdateCheck = 2620;
				LastUpgradeCheck = 2620;
				TargetAttributes = {
					5D920D532F233A8200874F96 = {
						CreatedOnToolsVersion = 26.2;
						TestTargetID = 5DF74BEE2F0E3F4E005E589C;
					};
					5DF74BEE2F0E3F4E005E589C = {
						CreatedOnToolsVersion = 26.2;
					};
				};
			};
			buildConfigurationList = 5DF74BEA2F0E3F4E005E589C /* Build configuration list for PBXProject "Mingdalart" */;
			developmentRegion = en;
			hasScannedForEncodings = 0;
			knownRegions = (
				en,
				Base,
			);
			mainGroup = 5DF74BE62F0E3F4E005E589C;
			minimizedProjectReferenceProxies = 1;
			preferredProjectObjectVersion = 77;
			productRefGroup = 5DF74BF02F0E3F4E005E589C /* Products */;
			projectDirPath = "";
			projectRoot = "";
			targets = (
				5DF74BEE2F0E3F4E005E589C /* Mingdalart */,
				5D920D532F233A8200874F96 /* MingdalartTests */,
			);
		};
/* End PBXProject section */

/* Begin PBXResourcesBuildPhase section */
		5D920D522F233A8200874F96 /* Resources */ = {
			isa = PBXResourcesBuildPhase;
			buildActionMask = 2147483647;
			files = (
			);
			runOnlyForDeploymentPostprocessing = 0;
		};
		5DF74BED2F0E3F4E005E589C /* Resources */ = {
			isa = PBXResourcesBuildPhase;
			buildActionMask = 2147483647;
			files = (
				5DECFD8C2F21F32100D69A9B /* Assets.xcassets in Resources */,
			);
			runOnlyForDeploymentPostprocessing = 0;
		};
/* End PBXResourcesBuildPhase section */

/* Begin PBXSourcesBuildPhase section */
		5D920D502F233A8200874F96 /* Sources */ = {
			isa = PBXSourcesBuildPhase;
			buildActionMask = 2147483647;
			files = (
			);
			runOnlyForDeploymentPostprocessing = 0;
		};
		5DF74BEB2F0E3F4E005E589C /* Sources */ = {
			isa = PBXSourcesBuildPhase;
			buildActionMask = 2147483647;
			files = (
				5DECFD962F21F9F100D69A9B /* SaveCellUseCase.swift in Sources */,
				5DECFD7B2F21F32100D69A9B /* AppEnvironment.swift in Sources */,
				5DECFD7C2F21F32100D69A9B /* MingdalartApp.swift in Sources */,
				5DECFD7D2F21F32100D69A9B /* MandalaBoardEntity.swift in Sources */,
				5DECFD7E2F21F32100D69A9B /* MandalaCellEntity.swift in Sources */,
				5DECFD7F2F21F32100D69A9B /* SwiftDataMandalaRepository.swift in Sources */,
				5DECFD902F21F78500D69A9B /* UpdateCellTextUseCase.swift in Sources */,
				5DECFD802F21F32100D69A9B /* MandalaBoard.swift in Sources */,
				5DECFD812F21F32100D69A9B /* MandalaCell.swift in Sources */,
				5DECFD822F21F32100D69A9B /* MandalaRole.swift in Sources */,
				5DECFD832F21F32100D69A9B /* MandalaRule.swift in Sources */,
				5DECFD842F21F32100D69A9B /* MandalaRepository.swift in Sources */,
				5DECFD852F21F32100D69A9B /* MandalaUseCase.swift in Sources */,
				5DECFD862F21F32100D69A9B /* MainView.swift in Sources */,
				5DECFD872F21F32100D69A9B /* MandalaEditorSheet.swift in Sources */,
				5DECFD882F21F32100D69A9B /* MandalaGridComponents.swift in Sources */,
				5DECFD892F21F32100D69A9B /* MandalaGridView.swift in Sources */,
				5DECFD8A2F21F32100D69A9B /* MandalaViewModel.swift in Sources */,
				5DECFD8E2F21F3CE00D69A9B /* EnsureDefaultBoardUseCase.swift in Sources */,
				5DECFD8B2F21F32100D69A9B /* MandalaRole+Style.swift in Sources */,
			);
			runOnlyForDeploymentPostprocessing = 0;
		};
/* End PBXSourcesBuildPhase section */

/* Begin PBXTargetDependency section */
		5D920D592F233A8200874F96 /* PBXTargetDependency */ = {
			isa = PBXTargetDependency;
			target = 5DF74BEE2F0E3F4E005E589C /* Mingdalart */;
			targetProxy = 5D920D582F233A8200874F96 /* PBXContainerItemProxy */;
		};
/* End PBXTargetDependency section */

/* Begin XCBuildConfiguration section */
		5D920D5A2F233A8200874F96 /* Debug */ = {
			isa = XCBuildConfiguration;
			buildSettings = {
				BUNDLE_LOADER = "$(TEST_HOST)";
				CODE_SIGN_STYLE = Automatic;
				CURRENT_PROJECT_VERSION = 1;
				DEVELOPMENT_TEAM = 8N7PD4AXR6;
				GENERATE_INFOPLIST_FILE = YES;
				IPHONEOS_DEPLOYMENT_TARGET = 26.2;
				MARKETING_VERSION = 1.0;
				PRODUCT_BUNDLE_IDENTIFIER = kr.co.cys.MingdalartTests;
				PRODUCT_NAME = "$(TARGET_NAME)";
				SDKROOT = iphoneos;
				STRING_CATALOG_GENERATE_SYMBOLS = NO;
				SWIFT_APPROACHABLE_CONCURRENCY = YES;
				SWIFT_EMIT_LOC_STRINGS = NO;
				SWIFT_UPCOMING_FEATURE_MEMBER_IMPORT_VISIBILITY = YES;
				SWIFT_VERSION = 5.0;
				TARGETED_DEVICE_FAMILY = "1,2";
				TEST_HOST = "$(BUILT_PRODUCTS_DIR)/Mingdalart.app/$(BUNDLE_EXECUTABLE_FOLDER_PATH)/Mingdalart";
			};
			name = Debug;
		};
		5D920D5B2F233A8200874F96 /* Release */ = {
			isa = XCBuildConfiguration;
			buildSettings = {
				BUNDLE_LOADER = "$(TEST_HOST)";
				CODE_SIGN_STYLE = Automatic;
				CURRENT_PROJECT_VERSION = 1;
				DEVELOPMENT_TEAM = 8N7PD4AXR6;
				GENERATE_INFOPLIST_FILE = YES;
				IPHONEOS_DEPLOYMENT_TARGET = 26.2;
				MARKETING_VERSION = 1.0;
				PRODUCT_BUNDLE_IDENTIFIER = kr.co.cys.MingdalartTests;
				PRODUCT_NAME = "$(TARGET_NAME)";
				SDKROOT = iphoneos;
				STRING_CATALOG_GENERATE_SYMBOLS = NO;
				SWIFT_APPROACHABLE_CONCURRENCY = YES;
				SWIFT_EMIT_LOC_STRINGS = NO;
				SWIFT_UPCOMING_FEATURE_MEMBER_IMPORT_VISIBILITY = YES;
				SWIFT_VERSION = 5.0;
				TARGETED_DEVICE_FAMILY = "1,2";
				TEST_HOST = "$(BUILT_PRODUCTS_DIR)/Mingdalart.app/$(BUNDLE_EXECUTABLE_FOLDER_PATH)/Mingdalart";
				VALIDATE_PRODUCT = YES;
			};
			name = Release;
		};
		5DF74BF82F0E3F50005E589C /* Debug */ = {
			isa = XCBuildConfiguration;
			buildSettings = {
				ALWAYS_SEARCH_USER_PATHS = NO;
				ASSETCATALOG_COMPILER_GENERATE_SWIFT_ASSET_SYMBOL_EXTENSIONS = YES;
				CLANG_ANALYZER_NONNULL = YES;
				CLANG_ANALYZER_NUMBER_OBJECT_CONVERSION = YES_AGGRESSIVE;
				CLANG_CXX_LANGUAGE_STANDARD = "gnu++20";
				CLANG_ENABLE_MODULES = YES;
				CLANG_ENABLE_OBJC_ARC = YES;
				CLANG_ENABLE_OBJC_WEAK = YES;
				CLANG_WARN_BLOCK_CAPTURE_AUTORELEASING = YES;
				CLANG_WARN_BOOL_CONVERSION = YES;
				CLANG_WARN_COMMA = YES;
				CLANG_WARN_CONSTANT_CONVERSION = YES;
				CLANG_WARN_DEPRECATED_OBJC_IMPLEMENTATIONS = YES;
				CLANG_WARN_DIRECT_OBJC_ISA_USAGE = YES_ERROR;
				CLANG_WARN_DOCUMENTATION_COMMENTS = YES;
				CLANG_WARN_EMPTY_BODY = YES;
				CLANG_WARN_ENUM_CONVERSION = YES;
				CLANG_WARN_INFINITE_RECURSION = YES;
				CLANG_WARN_INT_CONVERSION = YES;
				CLANG_WARN_NON_LITERAL_NULL_CONVERSION = YES;
				CLANG_WARN_OBJC_IMPLICIT_RETAIN_SELF = YES;
				CLANG_WARN_OBJC_LITERAL_CONVERSION = YES;
				CLANG_WARN_OBJC_ROOT_CLASS = YES_ERROR;
				CLANG_WARN_QUOTED_INCLUDE_IN_FRAMEWORK_HEADER = YES;
				CLANG_WARN_RANGE_LOOP_ANALYSIS = YES;
				CLANG_WARN_STRICT_PROTOTYPES = YES;
				CLANG_WARN_SUSPICIOUS_MOVE = YES;
				CLANG_WARN_UNGUARDED_AVAILABILITY = YES_AGGRESSIVE;
				CLANG_WARN_UNREACHABLE_CODE = YES;
				CLANG_WARN__DUPLICATE_METHOD_MATCH = YES;
				COPY_PHASE_STRIP = NO;
				DEBUG_INFORMATION_FORMAT = dwarf;
				DEVELOPMENT_TEAM = 8N7PD4AXR6;
				ENABLE_STRICT_OBJC_MSGSEND = YES;
				ENABLE_TESTABILITY = YES;
				ENABLE_USER_SCRIPT_SANDBOXING = YES;
				GCC_C_LANGUAGE_STANDARD = gnu17;
				GCC_DYNAMIC_NO_PIC = NO;
				GCC_NO_COMMON_BLOCKS = YES;
				GCC_OPTIMIZATION_LEVEL = 0;
				GCC_PREPROCESSOR_DEFINITIONS = (
					"DEBUG=1",
					"$(inherited)",
				);
				GCC_WARN_64_TO_32_BIT_CONVERSION = YES;
				GCC_WARN_ABOUT_RETURN_TYPE = YES_ERROR;
				GCC_WARN_UNDECLARED_SELECTOR = YES;
				GCC_WARN_UNINITIALIZED_AUTOS = YES_AGGRESSIVE;
				GCC_WARN_UNUSED_FUNCTION = YES;
				GCC_WARN_UNUSED_VARIABLE = YES;
				LOCALIZATION_PREFERS_STRING_CATALOGS = YES;
				MTL_ENABLE_DEBUG_INFO = INCLUDE_SOURCE;
				MTL_FAST_MATH = YES;
				ONLY_ACTIVE_ARCH = YES;
				SWIFT_ACTIVE_COMPILATION_CONDITIONS = "DEBUG $(inherited)";
				SWIFT_OPTIMIZATION_LEVEL = "-Onone";
			};
			name = Debug;
		};
		5DF74BF92F0E3F50005E589C /* Release */ = {
			isa = XCBuildConfiguration;
			buildSettings = {
				ALWAYS_SEARCH_USER_PATHS = NO;
				ASSETCATALOG_COMPILER_GENERATE_SWIFT_ASSET_SYMBOL_EXTENSIONS = YES;
				CLANG_ANALYZER_NONNULL = YES;
				CLANG_ANALYZER_NUMBER_OBJECT_CONVERSION = YES_AGGRESSIVE;
				CLANG_CXX_LANGUAGE_STANDARD = "gnu++20";
				CLANG_ENABLE_MODULES = YES;
				CLANG_ENABLE_OBJC_ARC = YES;
				CLANG_ENABLE_OBJC_WEAK = YES;
				CLANG_WARN_BLOCK_CAPTURE_AUTORELEASING = YES;
				CLANG_WARN_BOOL_CONVERSION = YES;
				CLANG_WARN_COMMA = YES;
				CLANG_WARN_CONSTANT_CONVERSION = YES;
				CLANG_WARN_DEPRECATED_OBJC_IMPLEMENTATIONS = YES;
				CLANG_WARN_DIRECT_OBJC_ISA_USAGE = YES_ERROR;
				CLANG_WARN_DOCUMENTATION_COMMENTS = YES;
				CLANG_WARN_EMPTY_BODY = YES;
				CLANG_WARN_ENUM_CONVERSION = YES;
				CLANG_WARN_INFINITE_RECURSION = YES;
				CLANG_WARN_INT_CONVERSION = YES;
				CLANG_WARN_NON_LITERAL_NULL_CONVERSION = YES;
				CLANG_WARN_OBJC_IMPLICIT_RETAIN_SELF = YES;
				CLANG_WARN_OBJC_LITERAL_CONVERSION = YES;
				CLANG_WARN_OBJC_ROOT_CLASS = YES_ERROR;
				CLANG_WARN_QUOTED_INCLUDE_IN_FRAMEWORK_HEADER = YES;
				CLANG_WARN_RANGE_LOOP_ANALYSIS = YES;
				CLANG_WARN_STRICT_PROTOTYPES = YES;
				CLANG_WARN_SUSPICIOUS_MOVE = YES;
				CLANG_WARN_UNGUARDED_AVAILABILITY = YES_AGGRESSIVE;
				CLANG_WARN_UNREACHABLE_CODE = YES;
				CLANG_WARN__DUPLICATE_METHOD_MATCH = YES;
				COPY_PHASE_STRIP = NO;
				DEBUG_INFORMATION_FORMAT = "dwarf-with-dsym";
				DEVELOPMENT_TEAM = 8N7PD4AXR6;
				ENABLE_NS_ASSERTIONS = NO;
				ENABLE_STRICT_OBJC_MSGSEND = YES;
				ENABLE_USER_SCRIPT_SANDBOXING = YES;
				GCC_C_LANGUAGE_STANDARD = gnu17;
				GCC_NO_COMMON_BLOCKS = YES;
				GCC_WARN_64_TO_32_BIT_CONVERSION = YES;
				GCC_WARN_ABOUT_RETURN_TYPE = YES_ERROR;
				GCC_WARN_UNDECLARED_SELECTOR = YES;
				GCC_WARN_UNINITIALIZED_AUTOS = YES_AGGRESSIVE;
				GCC_WARN_UNUSED_FUNCTION = YES;
				GCC_WARN_UNUSED_VARIABLE = YES;
				LOCALIZATION_PREFERS_STRING_CATALOGS = YES;
				MTL_ENABLE_DEBUG_INFO = NO;
				MTL_FAST_MATH = YES;
				SWIFT_COMPILATION_MODE = wholemodule;
			};
			name = Release;
		};
		5DF74BFB2F0E3F50005E589C /* Debug */ = {
			isa = XCBuildConfiguration;
			buildSettings = {
				ASSETCATALOG_COMPILER_APPICON_NAME = AppIcon;
				ASSETCATALOG_COMPILER_GLOBAL_ACCENT_COLOR_NAME = AccentColor;
				CODE_SIGN_STYLE = Automatic;
				CURRENT_PROJECT_VERSION = 1;
				DEVELOPMENT_TEAM = 8N7PD4AXR6;
				ENABLE_APP_SANDBOX = YES;
				ENABLE_HARDENED_RUNTIME = YES;
				ENABLE_PREVIEWS = YES;
				ENABLE_USER_SELECTED_FILES = readonly;
				GENERATE_INFOPLIST_FILE = YES;
				"INFOPLIST_KEY_UIApplicationSceneManifest_Generation[sdk=iphoneos*]" = YES;
				"INFOPLIST_KEY_UIApplicationSceneManifest_Generation[sdk=iphonesimulator*]" = YES;
				"INFOPLIST_KEY_UIApplicationSupportsIndirectInputEvents[sdk=iphoneos*]" = YES;
				"INFOPLIST_KEY_UIApplicationSupportsIndirectInputEvents[sdk=iphonesimulator*]" = YES;
				"INFOPLIST_KEY_UILaunchScreen_Generation[sdk=iphoneos*]" = YES;
				"INFOPLIST_KEY_UILaunchScreen_Generation[sdk=iphonesimulator*]" = YES;
				"INFOPLIST_KEY_UIStatusBarStyle[sdk=iphoneos*]" = UIStatusBarStyleDefault;
				"INFOPLIST_KEY_UIStatusBarStyle[sdk=iphonesimulator*]" = UIStatusBarStyleDefault;
				INFOPLIST_KEY_UISupportedInterfaceOrientations_iPad = "UIInterfaceOrientationPortrait UIInterfaceOrientationPortraitUpsideDown UIInterfaceOrientationLandscapeLeft UIInterfaceOrientationLandscapeRight";
				INFOPLIST_KEY_UISupportedInterfaceOrientations_iPhone = "UIInterfaceOrientationPortrait UIInterfaceOrientationLandscapeLeft UIInterfaceOrientationLandscapeRight";
				IPHONEOS_DEPLOYMENT_TARGET = 18.0;
				LD_RUNPATH_SEARCH_PATHS = "@executable_path/Frameworks";
				"LD_RUNPATH_SEARCH_PATHS[sdk=macosx*]" = "@executable_path/../Frameworks";
				MACOSX_DEPLOYMENT_TARGET = 26.1;
				MARKETING_VERSION = 1.0;
				PRODUCT_BUNDLE_IDENTIFIER = kr.co.cys.Mingdalart;
				PRODUCT_NAME = "$(TARGET_NAME)";
				REGISTER_APP_GROUPS = YES;
				SDKROOT = auto;
				STRING_CATALOG_GENERATE_SYMBOLS = YES;
				SUPPORTED_PLATFORMS = "iphoneos iphonesimulator";
				SUPPORTS_MACCATALYST = NO;
				SWIFT_APPROACHABLE_CONCURRENCY = YES;
				SWIFT_DEFAULT_ACTOR_ISOLATION = MainActor;
				SWIFT_EMIT_LOC_STRINGS = YES;
				SWIFT_UPCOMING_FEATURE_MEMBER_IMPORT_VISIBILITY = YES;
				SWIFT_VERSION = 5.0;
				TARGETED_DEVICE_FAMILY = "1,2";
				XROS_DEPLOYMENT_TARGET = 26.2;
			};
			name = Debug;
		};
		5DF74BFC2F0E3F50005E589C /* Release */ = {
			isa = XCBuildConfiguration;
			buildSettings = {
				ASSETCATALOG_COMPILER_APPICON_NAME = AppIcon;
				ASSETCATALOG_COMPILER_GLOBAL_ACCENT_COLOR_NAME = AccentColor;
				CODE_SIGN_STYLE = Automatic;
				CURRENT_PROJECT_VERSION = 1;
				DEVELOPMENT_TEAM = 8N7PD4AXR6;
				ENABLE_APP_SANDBOX = YES;
				ENABLE_HARDENED_RUNTIME = YES;
				ENABLE_PREVIEWS = YES;
				ENABLE_USER_SELECTED_FILES = readonly;
				GENERATE_INFOPLIST_FILE = YES;
				"INFOPLIST_KEY_UIApplicationSceneManifest_Generation[sdk=iphoneos*]" = YES;
				"INFOPLIST_KEY_UIApplicationSceneManifest_Generation[sdk=iphonesimulator*]" = YES;
				"INFOPLIST_KEY_UIApplicationSupportsIndirectInputEvents[sdk=iphoneos*]" = YES;
				"INFOPLIST_KEY_UIApplicationSupportsIndirectInputEvents[sdk=iphonesimulator*]" = YES;
				"INFOPLIST_KEY_UILaunchScreen_Generation[sdk=iphoneos*]" = YES;
				"INFOPLIST_KEY_UILaunchScreen_Generation[sdk=iphonesimulator*]" = YES;
				"INFOPLIST_KEY_UIStatusBarStyle[sdk=iphoneos*]" = UIStatusBarStyleDefault;
				"INFOPLIST_KEY_UIStatusBarStyle[sdk=iphonesimulator*]" = UIStatusBarStyleDefault;
				INFOPLIST_KEY_UISupportedInterfaceOrientations_iPad = "UIInterfaceOrientationPortrait UIInterfaceOrientationPortraitUpsideDown UIInterfaceOrientationLandscapeLeft UIInterfaceOrientationLandscapeRight";
				INFOPLIST_KEY_UISupportedInterfaceOrientations_iPhone = "UIInterfaceOrientationPortrait UIInterfaceOrientationLandscapeLeft UIInterfaceOrientationLandscapeRight";
				IPHONEOS_DEPLOYMENT_TARGET = 18.0;
				LD_RUNPATH_SEARCH_PATHS = "@executable_path/Frameworks";
				"LD_RUNPATH_SEARCH_PATHS[sdk=macosx*]" = "@executable_path/../Frameworks";
				MACOSX_DEPLOYMENT_TARGET = 26.1;
				MARKETING_VERSION = 1.0;
				PRODUCT_BUNDLE_IDENTIFIER = kr.co.cys.Mingdalart;
				PRODUCT_NAME = "$(TARGET_NAME)";
				REGISTER_APP_GROUPS = YES;
				SDKROOT = auto;
				STRING_CATALOG_GENERATE_SYMBOLS = YES;
				SUPPORTED_PLATFORMS = "iphoneos iphonesimulator";
				SUPPORTS_MACCATALYST = NO;
				SWIFT_APPROACHABLE_CONCURRENCY = YES;
				SWIFT_DEFAULT_ACTOR_ISOLATION = MainActor;
				SWIFT_EMIT_LOC_STRINGS = YES;
				SWIFT_UPCOMING_FEATURE_MEMBER_IMPORT_VISIBILITY = YES;
				SWIFT_VERSION = 5.0;
				TARGETED_DEVICE_FAMILY = "1,2";
				XROS_DEPLOYMENT_TARGET = 26.2;
			};
			name = Release;
		};
/* End XCBuildConfiguration section */

/* Begin XCConfigurationList section */
		5D920D5C2F233A8200874F96 /* Build configuration list for PBXNativeTarget "MingdalartTests" */ = {
			isa = XCConfigurationList;
			buildConfigurations = (
				5D920D5A2F233A8200874F96 /* Debug */,
				5D920D5B2F233A8200874F96 /* Release */,
			);
			defaultConfigurationIsVisible = 0;
			defaultConfigurationName = Release;
		};
		5DF74BEA2F0E3F4E005E589C /* Build configuration list for PBXProject "Mingdalart" */ = {
			isa = XCConfigurationList;
			buildConfigurations = (
				5DF74BF82F0E3F50005E589C /* Debug */,
				5DF74BF92F0E3F50005E589C /* Release */,
			);
			defaultConfigurationIsVisible = 0;
			defaultConfigurationName = Release;
		};
		5DF74BFA2F0E3F50005E589C /* Build configuration list for PBXNativeTarget "Mingdalart" */ = {
			isa = XCConfigurationList;
			buildConfigurations = (
				5DF74BFB2F0E3F50005E589C /* Debug */,
				5DF74BFC2F0E3F50005E589C /* Release */,
			);
			defaultConfigurationIsVisible = 0;
			defaultConfigurationName = Release;
		};
/* End XCConfigurationList section */
	};
	rootObject = 5DF74BE72F0E3F4E005E589C /* Project object */;
}
